
Microsoft Visual Studio Solution File, Format Version 12.00
# Visual Studio Version 17
VisualStudioVersion = 17.14.36915.13 d17.14
MinimumVisualStudioVersion = 10.0.40219.1
Project("{FAE04EC0-301F-11D3-BF4B-00C04F79EFBC}") = "Credenciamento.Web", "Credenciamento.Web\Credenciamento.Web.csproj", "{469D6499-E428-4666-8959-D4D7BFD6D781}"
EndProject
Global
	GlobalSection(SolutionConfigurationPlatforms) = preSolution
		Debug|Any CPU = Debug|Any CPU
		Release|Any CPU = Release|Any CPU
	EndGlobalSection
	GlobalSection(ProjectConfigurationPlatforms) = postSolution
		{469D6499-E428-4666-8959-D4D7BFD6D781}.Debug|Any CPU.ActiveCfg = Debug|Any CPU
		{469D6499-E428-4666-8959-D4D7BFD6D781}.Debug|Any CPU.Build.0 = Debug|Any CPU
		{469D6499-E428-4666-8959-D4D7BFD6D781}.Release|Any CPU.ActiveCfg = Release|Any CPU
		{469D6499-E428-4666-8959-D4D7BFD6D781}.Release|Any CPU.Build.0 = Release|Any CPU
	EndGlobalSection
	GlobalSection(SolutionProperties) = preSolution
		HideSolutionNode = FALSE
	EndGlobalSection
	GlobalSection(ExtensibilityGlobals) = postSolution
		SolutionGuid = {8EF84331-994C-46CA-8944-7B53CDAB1A0C}
	EndGlobalSection
EndGlobal
